
Microsoft Visual Studio Solution File, Format Version 12.00
# Visual Studio Version 16
VisualStudioVersion = 16.0.34031.81
MinimumVisualStudioVersion = 10.0.40219.1
Project("{2150E333-8FDC-42A3-9474-1A3956D46DE8}") = "Task0", "Task0", "{2A24D73D-22F5-4176-B667-2709DBE61FA3}"
EndProject
Project("{FAE04EC0-301F-11D3-BF4B-00C04F79EFBC}") = "Tyuiu.YuzhakovYM.Sprint0.Task0.V0", "Tyuiu.YuzhakovYM.Sprint0.Task0.V0\Tyuiu.YuzhakovYM.Sprint0.Task0.V0.csproj", "{BD484676-B35C-4374-ABB8-FA15C835C81C}"
EndProject
Project("{2150E333-8FDC-42A3-9474-1A3956D46DE8}") = "Task1", "Task1", "{8B5804EA-E538-40BA-AA63-DE2BF19C64B8}"
EndProject
Project("{FAE04EC0-301F-11D3-BF4B-00C04F79EFBC}") = "Tyuiu.YuzhakovYM.Sprint0.Task1.V0", "Tyuiu.YuzhakovYM.Sprint0.Task1.V0\Tyuiu.YuzhakovYM.Sprint0.Task1.V0.csproj", "{4F804426-9024-4080-8506-44CBC7DDF3F0}"
EndProject
Project("{2150E333-8FDC-42A3-9474-1A3956D46DE8}") = "Task2", "Task2", "{846C5967-D17D-41FF-9297-229FE70A5A74}"
EndProject
Project("{FAE04EC0-301F-11D3-BF4B-00C04F79EFBC}") = "Tyuiu.YuzhakovYM.Sprint0.Task2.V0", "Tyuiu.YuzhakovYM.Sprint0.Task2.V0\Tyuiu.YuzhakovYM.Sprint0.Task2.V0.csproj", "{E289ED63-1148-4536-B6AC-456FE5485CFB}"
EndProject
Project("{FAE04EC0-301F-11D3-BF4B-00C04F79EFBC}") = "Tyuiu.YuzhakovYM.Sprint0.Task2.V0.Lib", "Tyuiu.YuzhakovYM.Sprint0.Task2.V0.Lib\Tyuiu.YuzhakovYM.Sprint0.Task2.V0.Lib.csproj", "{3AA47415-397F-4918-927D-6AA190DFC602}"
EndProject
Project("{FAE04EC0-301F-11D3-BF4B-00C04F79EFBC}") = "Tyuiu.YuzhakovYM.Sprint0.Task2.V0.Test", "Tyuiu.YuzhakovYM.Sprint0.Task2.V0.Test\Tyuiu.YuzhakovYM.Sprint0.Task2.V0.Test.csproj", "{D8D073DE-6B6D-404F-BC93-7DCB22820B1B}"
EndProject
Project("{2150E333-8FDC-42A3-9474-1A3956D46DE8}") = "Task3", "Task3", "{62941BDD-D63D-4D0E-830D-5CF381C03E95}"
EndProject
Project("{FAE04EC0-301F-11D3-BF4B-00C04F79EFBC}") = "Tyuiu.YuzhakovYM.Sprint0.Task3.V0", "Tyuiu.YuzhakovYM.Sprint0.Task3.V0\Tyuiu.YuzhakovYM.Sprint0.Task3.V0.csproj", "{1A20CCA3-51D1-426E-A43E-AC1D7DF93A17}"
EndProject
Project("{FAE04EC0-301F-11D3-BF4B-00C04F79EFBC}") = "Tyuiu.YuzhakovYM.Sprint0.Task3.V0.Lib", "Tyuiu.YuzhakovYM.Sprint0.Task3.V0.Lib\Tyuiu.YuzhakovYM.Sprint0.Task3.V0.Lib.csproj", "{BE1A4CEC-5776-4D6E-A629-6198E18EE9D6}"
EndProject
Project("{FAE04EC0-301F-11D3-BF4B-00C04F79EFBC}") = "Tyuiu.YuzhakovYM.Sprint0.Task3.V0.Test", "Tyuiu.YuzhakovYM.Sprint0.Task3.V0.Test\Tyuiu.YuzhakovYM.Sprint0.Task3.V0.Test.csproj", "{634D5122-A15A-41FF-9A4E-F359E4C6591B}"
EndProject
Project("{2150E333-8FDC-42A3-9474-1A3956D46DE8}") = "Task4", "Task4", "{29A4765A-24D1-4A4F-9864-4B8604C114D8}"
EndProject
Project("{FAE04EC0-301F-11D3-BF4B-00C04F79EFBC}") = "Tyuiu.YuzhakovYM.Sprint0.Task4.V0", "Tyuiu.YuzhakovYM.Sprint0.Task4.V0\Tyuiu.YuzhakovYM.Sprint0.Task4.V0.csproj", "{F28A2465-260D-49D2-AD07-2D3CA1AB8E39}"
EndProject
Project("{FAE04EC0-301F-11D3-BF4B-00C04F79EFBC}") = "Tyuiu.YuzhakovYM.Sprint0.Task4.V0.Lib", "Tyuiu.YuzhakovYM.Sprint0.Task4.V0.Lib\Tyuiu.YuzhakovYM.Sprint0.Task4.V0.Lib.csproj", "{332FB04F-4C1B-4A8F-A421-B473B08F7078}"
EndProject
Project("{FAE04EC0-301F-11D3-BF4B-00C04F79EFBC}") = "Tyuiu.YuzhakovYM.Sprint0.Task4.V0.Test", "Tyuiu.YuzhakovYM.Sprint0.Task4.V0.Test\Tyuiu.YuzhakovYM.Sprint0.Task4.V0.Test.csproj", "{8650F877-2BE4-481A-92D3-6C259D00FAA8}"
EndProject
Project("{2150E333-8FDC-42A3-9474-1A3956D46DE8}") = "Task5", "Task5", "{C7393715-8C69-48E3-A004-372E702E8456}"
EndProject
Project("{FAE04EC0-301F-11D3-BF4B-00C04F79EFBC}") = "Tyuiu.YuzhakovYM.Sprint0.Task5.V0", "Tyuiu.YuzhakovYM.Sprint0.Task5.V0\Tyuiu.YuzhakovYM.Sprint0.Task5.V0.csproj", "{0BEDBBB8-B06E-40D0-8A85-8F06103825DE}"
EndProject
Project("{FAE04EC0-301F-11D3-BF4B-00C04F79EFBC}") = "Tyuiu.YuzhakovYM.Sprint0.Task5.V0.Lib", "Tyuiu.YuzhakovYM.Sprint0.Task5.V0.Lib\Tyuiu.YuzhakovYM.Sprint0.Task5.V0.Lib.csproj", "{0E4B0A87-B21E-45AD-9C9A-427AE80CC2F9}"
EndProject
Project("{FAE04EC0-301F-11D3-BF4B-00C04F79EFBC}") = "Tyuiu.YuzhakovYM.Sprint0.Task5.V0.Test", "Tyuiu.YuzhakovYM.Sprint0.Task5.V0.Test\Tyuiu.YuzhakovYM.Sprint0.Task5.V0.Test.csproj", "{0C888FC9-7502-48AA-9E79-39B3C7FCDA59}"
EndProject
Project("{2150E333-8FDC-42A3-9474-1A3956D46DE8}") = "Task6", "Task6", "{C7D67076-7090-4DE6-93D0-CB0BB61921B8}"
EndProject
Project("{FAE04EC0-301F-11D3-BF4B-00C04F79EFBC}") = "Tyuiu.YuzhakovYM.Sprint0.Task6.V0", "Tyuiu.YuzhakovYM.Sprint0.Task6.V0\Tyuiu.YuzhakovYM.Sprint0.Task6.V0.csproj", "{336BF2FC-C038-40CC-9808-039D422F9013}"
EndProject
Project("{FAE04EC0-301F-11D3-BF4B-00C04F79EFBC}") = "Tyuiu.YuzhakovYM.Sprint0.Task6.V0.Lib", "Tyuiu.YuzhakovYM.Sprint0.Task6.V0.Lib\Tyuiu.YuzhakovYM.Sprint0.Task6.V0.Lib.csproj", "{2E8FD777-0A2F-4715-9E3F-7C8890F03C0B}"
EndProject
Project("{FAE04EC0-301F-11D3-BF4B-00C04F79EFBC}") = "Tyuiu.YuzhakovYM.Sprint0.Task6.V0.Test", "Tyuiu.YuzhakovYM.Sprint0.Task6.V0.Test\Tyuiu.YuzhakovYM.Sprint0.Task6.V0.Test.csproj", "{5A673544-5CDB-4225-BE1E-C99A5972E2D2}"
EndProject
Global
	GlobalSection(SolutionConfigurationPlatforms) = preSolution
		Debug|Any CPU = Debug|Any CPU
		Release|Any CPU = Release|Any CPU
	EndGlobalSection
	GlobalSection(ProjectConfigurationPlatforms) = postSolution
		{BD484676-B35C-4374-ABB8-FA15C835C81C}.Debug|Any CPU.ActiveCfg = Debug|Any CPU
		{BD484676-B35C-4374-ABB8-FA15C835C81C}.Debug|Any CPU.Build.0 = Debug|Any CPU
		{BD484676-B35C-4374-ABB8-FA15C835C81C}.Release|Any CPU.ActiveCfg = Release|Any CPU
		{BD484676-B35C-4374-ABB8-FA15C835C81C}.Release|Any CPU.Build.0 = Release|Any CPU
		{4F804426-9024-4080-8506-44CBC7DDF3F0}.Debug|Any CPU.ActiveCfg = Debug|Any CPU
		{4F804426-9024-4080-8506-44CBC7DDF3F0}.Debug|Any CPU.Build.0 = Debug|Any CPU
		{4F804426-9024-4080-8506-44CBC7DDF3F0}.Release|Any CPU.ActiveCfg = Release|Any CPU
		{4F804426-9024-4080-8506-44CBC7DDF3F0}.Release|Any CPU.Build.0 = Release|Any CPU
		{E289ED63-1148-4536-B6AC-456FE5485CFB}.Debug|Any CPU.ActiveCfg = Debug|Any CPU
		{E289ED63-1148-4536-B6AC-456FE5485CFB}.Debug|Any CPU.Build.0 = Debug|Any CPU
		{E289ED63-1148-4536-B6AC-456FE5485CFB}.Release|Any CPU.ActiveCfg = Release|Any CPU
		{E289ED63-1148-4536-B6AC-456FE5485CFB}.Release|Any CPU.Build.0 = Release|Any CPU
		{3AA47415-397F-4918-927D-6AA190DFC602}.Debug|Any CPU.ActiveCfg = Debug|Any CPU
		{3AA47415-397F-4918-927D-6AA190DFC602}.Debug|Any CPU.Build.0 = Debug|Any CPU
		{3AA47415-397F-4918-927D-6AA190DFC602}.Release|Any CPU.ActiveCfg = Release|Any CPU
		{3AA47415-397F-4918-927D-6AA190DFC602}.Release|Any CPU.Build.0 = Release|Any CPU
		{D8D073DE-6B6D-404F-BC93-7DCB22820B1B}.Debug|Any CPU.ActiveCfg = Debug|Any CPU
		{D8D073DE-6B6D-404F-BC93-7DCB22820B1B}.Debug|Any CPU.Build.0 = Debug|Any CPU
		{D8D073DE-6B6D-404F-BC93-7DCB22820B1B}.Release|Any CPU.ActiveCfg = Release|Any CPU
		{D8D073DE-6B6D-404F-BC93-7DCB22820B1B}.Release|Any CPU.Build.0 = Release|Any CPU
		{1A20CCA3-51D1-426E-A43E-AC1D7DF93A17}.Debug|Any CPU.ActiveCfg = Debug|Any CPU
		{1A20CCA3-51D1-426E-A43E-AC1D7DF93A17}.Debug|Any CPU.Build.0 = Debug|Any CPU
		{1A20CCA3-51D1-426E-A43E-AC1D7DF93A17}.Release|Any CPU.ActiveCfg = Release|Any CPU
		{1A20CCA3-51D1-426E-A43E-AC1D7DF93A17}.Release|Any CPU.Build.0 = Release|Any CPU
		{BE1A4CEC-5776-4D6E-A629-6198E18EE9D6}.Debug|Any CPU.ActiveCfg = Debug|Any CPU
		{BE1A4CEC-5776-4D6E-A629-6198E18EE9D6}.Debug|Any CPU.Build.0 = Debug|Any CPU
		{BE1A4CEC-5776-4D6E-A629-6198E18EE9D6}.Release|Any CPU.ActiveCfg = Release|Any CPU
		{BE1A4CEC-5776-4D6E-A629-6198E18EE9D6}.Release|Any CPU.Build.0 = Release|Any CPU
		{634D5122-A15A-41FF-9A4E-F359E4C6591B}.Debug|Any CPU.ActiveCfg = Debug|Any CPU
		{634D5122-A15A-41FF-9A4E-F359E4C6591B}.Debug|Any CPU.Build.0 = Debug|Any CPU
		{634D5122-A15A-41FF-9A4E-F359E4C6591B}.Release|Any CPU.ActiveCfg = Release|Any CPU
		{634D5122-A15A-41FF-9A4E-F359E4C6591B}.Release|Any CPU.Build.0 = Release|Any CPU
		{F28A2465-260D-49D2-AD07-2D3CA1AB8E39}.Debug|Any CPU.ActiveCfg = Debug|Any CPU
		{F28A2465-260D-49D2-AD07-2D3CA1AB8E39}.Debug|Any CPU.Build.0 = Debug|Any CPU
		{F28A2465-260D-49D2-AD07-2D3CA1AB8E39}.Release|Any CPU.ActiveCfg = Release|Any CPU
		{F28A2465-260D-49D2-AD07-2D3CA1AB8E39}.Release|Any CPU.Build.0 = Release|Any CPU
		{332FB04F-4C1B-4A8F-A421-B473B08F7078}.Debug|Any CPU.ActiveCfg = Debug|Any CPU
		{332FB04F-4C1B-4A8F-A421-B473B08F7078}.Debug|Any CPU.Build.0 = Debug|Any CPU
		{332FB04F-4C1B-4A8F-A421-B473B08F7078}.Release|Any CPU.ActiveCfg = Release|Any CPU
		{332FB04F-4C1B-4A8F-A421-B473B08F7078}.Release|Any CPU.Build.0 = Release|Any CPU
		{8650F877-2BE4-481A-92D3-6C259D00FAA8}.Debug|Any CPU.ActiveCfg = Debug|Any CPU
		{8650F877-2BE4-481A-92D3-6C259D00FAA8}.Debug|Any CPU.Build.0 = Debug|Any CPU
		{8650F877-2BE4-481A-92D3-6C259D00FAA8}.Release|Any CPU.ActiveCfg = Release|Any CPU
		{8650F877-2BE4-481A-92D3-6C259D00FAA8}.Release|Any CPU.Build.0 = Release|Any CPU
		{0BEDBBB8-B06E-40D0-8A85-8F06103825DE}.Debug|Any CPU.ActiveCfg = Debug|Any CPU
		{0BEDBBB8-B06E-40D0-8A85-8F06103825DE}.Debug|Any CPU.Build.0 = Debug|Any CPU
		{0BEDBBB8-B06E-40D0-8A85-8F06103825DE}.Release|Any CPU.ActiveCfg = Release|Any CPU
		{0BEDBBB8-B06E-40D0-8A85-8F06103825DE}.Release|Any CPU.Build.0 = Release|Any CPU
		{0E4B0A87-B21E-45AD-9C9A-427AE80CC2F9}.Debug|Any CPU.ActiveCfg = Debug|Any CPU
		{0E4B0A87-B21E-45AD-9C9A-427AE80CC2F9}.Debug|Any CPU.Build.0 = Debug|Any CPU
		{0E4B0A87-B21E-45AD-9C9A-427AE80CC2F9}.Release|Any CPU.ActiveCfg = Release|Any CPU
		{0E4B0A87-B21E-45AD-9C9A-427AE80CC2F9}.Release|Any CPU.Build.0 = Release|Any CPU
		{0C888FC9-7502-48AA-9E79-39B3C7FCDA59}.Debug|Any CPU.ActiveCfg = Debug|Any CPU
		{0C888FC9-7502-48AA-9E79-39B3C7FCDA59}.Debug|Any CPU.Build.0 = Debug|Any CPU
		{0C888FC9-7502-48AA-9E79-39B3C7FCDA59}.Release|Any CPU.ActiveCfg = Release|Any CPU
		{0C888FC9-7502-48AA-9E79-39B3C7FCDA59}.Release|Any CPU.Build.0 = Release|Any CPU
		{336BF2FC-C038-40CC-9808-039D422F9013}.Debug|Any CPU.ActiveCfg = Debug|Any CPU
		{336BF2FC-C038-40CC-9808-039D422F9013}.Debug|Any CPU.Build.0 = Debug|Any CPU
		{336BF2FC-C038-40CC-9808-039D422F9013}.Release|Any CPU.ActiveCfg = Release|Any CPU
		{336BF2FC-C038-40CC-9808-039D422F9013}.Release|Any CPU.Build.0 = Release|Any CPU
		{2E8FD777-0A2F-4715-9E3F-7C8890F03C0B}.Debug|Any CPU.ActiveCfg = Debug|Any CPU
		{2E8FD777-0A2F-4715-9E3F-7C8890F03C0B}.Debug|Any CPU.Build.0 = Debug|Any CPU
		{2E8FD777-0A2F-4715-9E3F-7C8890F03C0B}.Release|Any CPU.ActiveCfg = Release|Any CPU
		{2E8FD777-0A2F-4715-9E3F-7C8890F03C0B}.Release|Any CPU.Build.0 = Release|Any CPU
		{5A673544-5CDB-4225-BE1E-C99A5972E2D2}.Debug|Any CPU.ActiveCfg = Debug|Any CPU
		{5A673544-5CDB-4225-BE1E-C99A5972E2D2}.Debug|Any CPU.Build.0 = Debug|Any CPU
		{5A673544-5CDB-4225-BE1E-C99A5972E2D2}.Release|Any CPU.ActiveCfg = Release|Any CPU
		{5A673544-5CDB-4225-BE1E-C99A5972E2D2}.Release|Any CPU.Build.0 = Release|Any CPU
	EndGlobalSection
	GlobalSection(SolutionProperties) = preSolution
		HideSolutionNode = FALSE
	EndGlobalSection
	GlobalSection(NestedProjects) = preSolution
		{BD484676-B35C-4374-ABB8-FA15C835C81C} = {2A24D73D-22F5-4176-B667-2709DBE61FA3}
		{4F804426-9024-4080-8506-44CBC7DDF3F0} = {8B5804EA-E538-40BA-AA63-DE2BF19C64B8}
		{E289ED63-1148-4536-B6AC-456FE5485CFB} = {846C5967-D17D-41FF-9297-229FE70A5A74}
		{3AA47415-397F-4918-927D-6AA190DFC602} = {846C5967-D17D-41FF-9297-229FE70A5A74}
		{D8D073DE-6B6D-404F-BC93-7DCB22820B1B} = {846C5967-D17D-41FF-9297-229FE70A5A74}
		{1A20CCA3-51D1-426E-A43E-AC1D7DF93A17} = {62941BDD-D63D-4D0E-830D-5CF381C03E95}
		{BE1A4CEC-5776-4D6E-A629-6198E18EE9D6} = {62941BDD-D63D-4D0E-830D-5CF381C03E95}
		{634D5122-A15A-41FF-9A4E-F359E4C6591B} = {62941BDD-D63D-4D0E-830D-5CF381C03E95}
		{F28A2465-260D-49D2-AD07-2D3CA1AB8E39} = {29A4765A-24D1-4A4F-9864-4B8604C114D8}
		{332FB04F-4C1B-4A8F-A421-B473B08F7078} = {29A4765A-24D1-4A4F-9864-4B8604C114D8}
		{8650F877-2BE4-481A-92D3-6C259D00FAA8} = {29A4765A-24D1-4A4F-9864-4B8604C114D8}
		{0BEDBBB8-B06E-40D0-8A85-8F06103825DE} = {C7393715-8C69-48E3-A004-372E702E8456}
		{0E4B0A87-B21E-45AD-9C9A-427AE80CC2F9} = {C7393715-8C69-48E3-A004-372E702E8456}
		{0C888FC9-7502-48AA-9E79-39B3C7FCDA59} = {C7393715-8C69-48E3-A004-372E702E8456}
		{336BF2FC-C038-40CC-9808-039D422F9013} = {C7D67076-7090-4DE6-93D0-CB0BB61921B8}
		{2E8FD777-0A2F-4715-9E3F-7C8890F03C0B} = {C7D67076-7090-4DE6-93D0-CB0BB61921B8}
		{5A673544-5CDB-4225-BE1E-C99A5972E2D2} = {C7D67076-7090-4DE6-93D0-CB0BB61921B8}
	EndGlobalSection
	GlobalSection(ExtensibilityGlobals) = postSolution
		SolutionGuid = {5A8A0CAE-053B-4DB9-9019-9D69AF48B094}
	EndGlobalSection
EndGlobal
